Microsoft Visual Studio Solution File, Format Version 12.00
# Visual Studio Version 17
VisualStudioVersion = 17.5.2.0
MinimumVisualStudioVersion = 10.0.40219.1
Project("{FAE04EC0-301F-11D3-BF4B-00C04F79EFBC}") = "LearnBlazor", "LearnBlazor.csproj", "{820C2893-867A-6BE8-2B6B-D9BFB8F7D6E3}"
EndProject
Global
	GlobalSection(SolutionConfigurationPlatforms) = preSolution
		Debug|Any CPU = Debug|Any CPU
		Release|Any CPU = Release|Any CPU
	EndGlobalSection
	GlobalSection(ProjectConfigurationPlatforms) = postSolution
		{820C2893-867A-6BE8-2B6B-D9BFB8F7D6E3}.Debug|Any CPU.ActiveCfg = Debug|Any CPU
		{820C2893-867A-6BE8-2B6B-D9BFB8F7D6E3}.Debug|Any CPU.Build.0 = Debug|Any CPU
		{820C2893-867A-6BE8-2B6B-D9BFB8F7D6E3}.Release|Any CPU.ActiveCfg = Release|Any CPU
		{820C2893-867A-6BE8-2B6B-D9BFB8F7D6E3}.Release|Any CPU.Build.0 = Release|Any CPU
	EndGlobalSection
	GlobalSection(SolutionProperties) = preSolution
		HideSolutionNode = FALSE
	EndGlobalSection
	GlobalSection(ExtensibilityGlobals) = postSolution
		SolutionGuid = {17CFF4F3-E16A-4767-B6A6-D1CBCB7D3A43}
	EndGlobalSection
EndGlobal
